// !$*UTF8*$!
{
	archiveVersion = 1;
	classes = {
	};
	objectVersion = 50;
	objects = {

/* Begin PBXBuildFile section */
		4D1B12EA210A3FAE0006E6F6 /* QTime.framework in Frameworks */ = {isa = PBXBuildFile; fileRef = 4D1B12E0210A3FAE0006E6F6 /* QTime.framework */; };
		4D1B12EF210A3FAE0006E6F6 /* QTimeTests.m in Sources */ = {isa = PBXBuildFile; fileRef = 4D1B12EE210A3FAE0006E6F6 /* QTimeTests.m */; };
		4D1B12F1210A3FAE0006E6F6 /* QTime.h in Headers */ = {isa = PBXBuildFile; fileRef = 4D1B12E3210A3FAE0006E6F6 /* QTime.h */; settings = {ATTRIBUTES = (Public, ); }; };
		4D1B12FE210A3FC90006E6F6 /* QTHomepageViewController.h in Headers */ = {isa = PBXBuildFile; fileRef = 4D1B12FA210A3FC80006E6F6 /* QTHomepageViewController.h */; };
		4D1B12FF210A3FC90006E6F6 /* QTimeBundleDelegate.m in Sources */ = {isa = PBXBuildFile; fileRef = 4D1B12FB210A3FC80006E6F6 /* QTimeBundleDelegate.m */; };
		4D1B1300210A3FC90006E6F6 /* QTHomepageViewController.m in Sources */ = {isa = PBXBuildFile; fileRef = 4D1B12FC210A3FC80006E6F6 /* QTHomepageViewController.m */; };
		4D1B1301210A3FC90006E6F6 /* QTimeBundleDelegate.h in Headers */ = {isa = PBXBuildFile; fileRef = 4D1B12FD210A3FC90006E6F6 /* QTimeBundleDelegate.h */; };
		4D2DD4D0210B695700BD2CCB /* QTimeFoundation.framework in Frameworks */ = {isa = PBXBuildFile; fileRef = 4D2DD4CF210B695700BD2CCB /* QTimeFoundation.framework */; };
/* End PBXBuildFile section */

/* Begin PBXContainerItemProxy section */
		4D1B12EB210A3FAE0006E6F6 /* PBXContainerItemProxy */ = {
			isa = PBXContainerItemProxy;
			containerPortal = 4D1B12D7210A3FAE0006E6F6 /* Project object */;
			proxyType = 1;
			remoteGlobalIDString = 4D1B12DF210A3FAE0006E6F6;
			remoteInfo = QTime;
		};
/* End PBXContainerItemProxy section */

/* Begin PBXFileReference section */
		4D1B12E0210A3FAE0006E6F6 /* QTime.framework */ = {isa = PBXFileReference; explicitFileType = wrapper.framework; includeInIndex = 0; path = QTime.framework; sourceTree = BUILT_PRODUCTS_DIR; };
		4D1B12E3210A3FAE0006E6F6 /* QTime.h */ = {isa = PBXFileReference; lastKnownFileType = sourcecode.c.h; path = QTime.h; sourceTree = "<group>"; };
		4D1B12E4210A3FAE0006E6F6 /* Info.plist */ = {isa = PBXFileReference; lastKnownFileType = text.plist.xml; path = Info.plist; sourceTree = "<group>"; };
		4D1B12E9210A3FAE0006E6F6 /* QTimeTests.xctest */ = {isa = PBXFileReference; explicitFileType = wrapper.cfbundle; includeInIndex = 0; path = QTimeTests.xctest; sourceTree = BUILT_PRODUCTS_DIR; };
		4D1B12EE210A3FAE0006E6F6 /* QTimeTests.m */ = {isa = PBXFileReference; lastKnownFileType = sourcecode.c.objc; path = QTimeTests.m; sourceTree = "<group>"; };
		4D1B12F0210A3FAE0006E6F6 /* Info.plist */ = {isa = PBXFileReference; lastKnownFileType = text.plist.xml; path = Info.plist; sourceTree = "<group>"; };
		4D1B12FA210A3FC80006E6F6 /* QTHomepageViewController.h */ = {isa = PBXFileReference; fileEncoding = 4; lastKnownFileType = sourcecode.c.h; path = QTHomepageViewController.h; sourceTree = "<group>"; };
		4D1B12FB210A3FC80006E6F6 /* QTimeBundleDelegate.m */ = {isa = PBXFileReference; fileEncoding = 4; lastKnownFileType = sourcecode.c.objc; path = QTimeBundleDelegate.m; sourceTree = "<group>"; };
		4D1B12FC210A3FC80006E6F6 /* QTHomepageViewController.m */ = {isa = PBXFileReference; fileEncoding = 4; lastKnownFileType = sourcecode.c.objc; path = QTHomepageViewController.m; sourceTree = "<group>"; };
		4D1B12FD210A3FC90006E6F6 /* QTimeBundleDelegate.h */ = {isa = PBXFileReference; fileEncoding = 4; lastKnownFileType = sourcecode.c.h; path = QTimeBundleDelegate.h; sourceTree = "<group>"; };
		4D2DD4CF210B695700BD2CCB /* QTimeFoundation.framework */ = {isa = PBXFileReference; explicitFileType = wrapper.framework; path = QTimeFoundation.framework; sourceTree = BUILT_PRODUCTS_DIR; };
/* End PBXFileReference section */

/* Begin PBXFrameworksBuildPhase section */
		4D1B12DC210A3FAE0006E6F6 /* Frameworks */ = {
			isa = PBXFrameworksBuildPhase;
			buildActionMask = 2147483647;
			files = (
				4D2DD4D0210B695700BD2CCB /* QTimeFoundation.framework in Frameworks */,
			);
			runOnlyForDeploymentPostprocessing = 0;
		};
		4D1B12E6210A3FAE0006E6F6 /* Frameworks */ = {
			isa = PBXFrameworksBuildPhase;
			buildActionMask = 2147483647;
			files = (
				4D1B12EA210A3FAE0006E6F6 /* QTime.framework in Frameworks */,
			);
			runOnlyForDeploymentPostprocessing = 0;
		};
/* End PBXFrameworksBuildPhase section */

/* Begin PBXGroup section */
		4D1B12D6210A3FAE0006E6F6 = {
			isa = PBXGroup;
			children = (
				4D1B12E2210A3FAE0006E6F6 /* QTime */,
				4D1B12ED210A3FAE0006E6F6 /* QTimeTests */,
				4D1B12E1210A3FAE0006E6F6 /* Products */,
				4D2DD4CE210B695700BD2CCB /* Frameworks */,
			);
			sourceTree = "<group>";
		};
		4D1B12E1210A3FAE0006E6F6 /* Products */ = {
			isa = PBXGroup;
			children = (
				4D1B12E0210A3FAE0006E6F6 /* QTime.framework */,
				4D1B12E9210A3FAE0006E6F6 /* QTimeTests.xctest */,
			);
			name = Products;
			sourceTree = "<group>";
		};
		4D1B12E2210A3FAE0006E6F6 /* QTime */ = {
			isa = PBXGroup;
			children = (
				4D1B12E3210A3FAE0006E6F6 /* QTime.h */,
				4D1B12FA210A3FC80006E6F6 /* QTHomepageViewController.h */,
				4D1B12FC210A3FC80006E6F6 /* QTHomepageViewController.m */,
				4D1B12FD210A3FC90006E6F6 /* QTimeBundleDelegate.h */,
				4D1B12FB210A3FC80006E6F6 /* QTimeBundleDelegate.m */,
				4D1B12E4210A3FAE0006E6F6 /* Info.plist */,
			);
			path = QTime;
			sourceTree = "<group>";
		};
		4D1B12ED210A3FAE0006E6F6 /* QTimeTests */ = {
			isa = PBXGroup;
			children = (
				4D1B12EE210A3FAE0006E6F6 /* QTimeTests.m */,
				4D1B12F0210A3FAE0006E6F6 /* Info.plist */,
			);
			path = QTimeTests;
			sourceTree = "<group>";
		};
		4D2DD4CE210B695700BD2CCB /* Frameworks */ = {
			isa = PBXGroup;
			children = (
				4D2DD4CF210B695700BD2CCB /* QTimeFoundation.framework */,
			);
			name = Frameworks;
			sourceTree = "<group>";
		};
/* End PBXGroup section */

/* Begin PBXHeadersBuildPhase section */
		4D1B12DD210A3FAE0006E6F6 /* Headers */ = {
			isa = PBXHeadersBuildPhase;
			buildActionMask = 2147483647;
			files = (
				4D1B12FE210A3FC90006E6F6 /* QTHomepageViewController.h in Headers */,
				4D1B1301210A3FC90006E6F6 /* QTimeBundleDelegate.h in Headers */,
				4D1B12F1210A3FAE0006E6F6 /* QTime.h in Headers */,
			);
			runOnlyForDeploymentPostprocessing = 0;
		};
/* End PBXHeadersBuildPhase section */

/* Begin PBXNativeTarget section */
		4D1B12DF210A3FAE0006E6F6 /* QTime */ = {
			isa = PBXNativeTarget;
			buildConfigurationList = 4D1B12F4210A3FAE0006E6F6 /* Build configuration list for PBXNativeTarget "QTime" */;
			buildPhases = (
				4D1B12DB210A3FAE0006E6F6 /* Sources */,
				4D1B12DC210A3FAE0006E6F6 /* Frameworks */,
				4D1B12DD210A3FAE0006E6F6 /* Headers */,
				4D1B12DE210A3FAE0006E6F6 /* Resources */,
			);
			buildRules = (
			);
			dependencies = (
			);
			name = QTime;
			productName = QTime;
			productReference = 4D1B12E0210A3FAE0006E6F6 /* QTime.framework */;
			productType = "com.apple.product-type.framework";
		};
		4D1B12E8210A3FAE0006E6F6 /* QTimeTests */ = {
			isa = PBXNativeTarget;
			buildConfigurationList = 4D1B12F7210A3FAE0006E6F6 /* Build configuration list for PBXNativeTarget "QTimeTests" */;
			buildPhases = (
				4D1B12E5210A3FAE0006E6F6 /* Sources */,
				4D1B12E6210A3FAE0006E6F6 /* Frameworks */,
				4D1B12E7210A3FAE0006E6F6 /* Resources */,
			);
			buildRules = (
			);
			dependencies = (
				4D1B12EC210A3FAE0006E6F6 /* PBXTargetDependency */,
			);
			name = QTimeTests;
			productName = QTimeTests;
			productReference = 4D1B12E9210A3FAE0006E6F6 /* QTimeTests.xctest */;
			productType = "com.apple.product-type.bundle.unit-test";
		};
/* End PBXNativeTarget section */

/* Begin PBXProject section */
		4D1B12D7210A3FAE0006E6F6 /* Project object */ = {
			isa = PBXProject;
			attributes = {
				LastUpgradeCheck = 0940;
				ORGANIZATIONNAME = Mark;
				TargetAttributes = {
					4D1B12DF210A3FAE0006E6F6 = {
						CreatedOnToolsVersion = 9.4.1;
					};
					4D1B12E8210A3FAE0006E6F6 = {
						CreatedOnToolsVersion = 9.4.1;
					};
				};
			};
			buildConfigurationList = 4D1B12DA210A3FAE0006E6F6 /* Build configuration list for PBXProject "QTime" */;
			compatibilityVersion = "Xcode 9.3";
			developmentRegion = en;
			hasScannedForEncodings = 0;
			knownRegions = (
				en,
			);
			mainGroup = 4D1B12D6210A3FAE0006E6F6;
			productRefGroup = 4D1B12E1210A3FAE0006E6F6 /* Products */;
			projectDirPath = "";
			projectRoot = "";
			targets = (
				4D1B12DF210A3FAE0006E6F6 /* QTime */,
				4D1B12E8210A3FAE0006E6F6 /* QTimeTests */,
			);
		};
/* End PBXProject section */

/* Begin PBXResourcesBuildPhase section */
		4D1B12DE210A3FAE0006E6F6 /* Resources */ = {
			isa = PBXResourcesBuildPhase;
			buildActionMask = 2147483647;
			files = (
			);
			runOnlyForDeploymentPostprocessing = 0;
		};
		4D1B12E7210A3FAE0006E6F6 /* Resources */ = {
			isa = PBXResourcesBuildPhase;
			buildActionMask = 2147483647;
			files = (
			);
			runOnlyForDeploymentPostprocessing = 0;
		};
/* End PBXResourcesBuildPhase section */

/* Begin PBXSourcesBuildPhase section */
		4D1B12DB210A3FAE0006E6F6 /* Sources */ = {
			isa = PBXSourcesBuildPhase;
			buildActionMask = 2147483647;
			files = (
				4D1B12FF210A3FC90006E6F6 /* QTimeBundleDelegate.m in Sources */,
				4D1B1300210A3FC90006E6F6 /* QTHomepageViewController.m in Sources */,
			);
			runOnlyForDeploymentPostprocessing = 0;
		};
		4D1B12E5210A3FAE0006E6F6 /* Sources */ = {
			isa = PBXSourcesBuildPhase;
			buildActionMask = 2147483647;
			files = (
				4D1B12EF210A3FAE0006E6F6 /* QTimeTests.m in Sources */,
			);
			runOnlyForDeploymentPostprocessing = 0;
		};
/* End PBXSourcesBuildPhase section */

/* Begin PBXTargetDependency section */
		4D1B12EC210A3FAE0006E6F6 /* PBXTargetDependency */ = {
			isa = PBXTargetDependency;
			target = 4D1B12DF210A3FAE0006E6F6 /* QTime */;
			targetProxy = 4D1B12EB210A3FAE0006E6F6 /* PBXContainerItemProxy */;
		};
/* End PBXTargetDependency section */

/* Begin XCBuildConfiguration section */
		4D1B12F2210A3FAE0006E6F6 /* Debug */ = {
			isa = XCBuildConfiguration;
			buildSettings = {
				ALWAYS_SEARCH_USER_PATHS = NO;
				CLANG_ANALYZER_NONNULL = YES;
				CLANG_ANALYZER_NUMBER_OBJECT_CONVERSION = YES_AGGRESSIVE;
				CLANG_CXX_LANGUAGE_STANDARD = "gnu++14";
				CLANG_CXX_LIBRARY = "libc++";
				CLANG_ENABLE_MODULES = YES;
				CLANG_ENABLE_OBJC_ARC = YES;
				CLANG_ENABLE_OBJC_WEAK = YES;
				CLANG_WARN_BLOCK_CAPTURE_AUTORELEASING = YES;
				CLANG_WARN_BOOL_CONVERSION = YES;
				CLANG_WARN_COMMA = YES;
				CLANG_WARN_CONSTANT_CONVERSION = YES;
				CLANG_WARN_DEPRECATED_OBJC_IMPLEMENTATIONS = YES;
				CLANG_WARN_DIRECT_OBJC_ISA_USAGE = YES_ERROR;
				CLANG_WARN_DOCUMENTATION_COMMENTS = YES;
				CLANG_WARN_EMPTY_BODY = YES;
				CLANG_WARN_ENUM_CONVERSION = YES;
				CLANG_WARN_INFINITE_RECURSION = YES;
				CLANG_WARN_INT_CONVERSION = YES;
				CLANG_WARN_NON_LITERAL_NULL_CONVERSION = YES;
				CLANG_WARN_OBJC_IMPLICIT_RETAIN_SELF = YES;
				CLANG_WARN_OBJC_LITERAL_CONVERSION = YES;
				CLANG_WARN_OBJC_ROOT_CLASS = YES_ERROR;
				CLANG_WARN_RANGE_LOOP_ANALYSIS = YES;
				CLANG_WARN_STRICT_PROTOTYPES = YES;
				CLANG_WARN_SUSPICIOUS_MOVE = YES;
				CLANG_WARN_UNGUARDED_AVAILABILITY = YES_AGGRESSIVE;
				CLANG_WARN_UNREACHABLE_CODE = YES;
				CLANG_WARN__DUPLICATE_METHOD_MATCH = YES;
				CODE_SIGN_IDENTITY = "iPhone Developer";
				COPY_PHASE_STRIP = NO;
				CURRENT_PROJECT_VERSION = 1;
				DEBUG_INFORMATION_FORMAT = dwarf;
				ENABLE_STRICT_OBJC_MSGSEND = YES;
				ENABLE_TESTABILITY = YES;
				GCC_C_LANGUAGE_STANDARD = gnu11;
				GCC_DYNAMIC_NO_PIC = NO;
				GCC_NO_COMMON_BLOCKS = YES;
				GCC_OPTIMIZATION_LEVEL = 0;
				GCC_PREPROCESSOR_DEFINITIONS = (
					"DEBUG=1",
					"$(inherited)",
				);
				GCC_WARN_64_TO_32_BIT_CONVERSION = YES;
				GCC_WARN_ABOUT_RETURN_TYPE = YES_ERROR;
				GCC_WARN_UNDECLARED_SELECTOR = YES;
				GCC_WARN_UNINITIALIZED_AUTOS = YES_AGGRESSIVE;
				GCC_WARN_UNUSED_FUNCTION = YES;
				GCC_WARN_UNUSED_VARIABLE = YES;
				IPHONEOS_DEPLOYMENT_TARGET = 11.4;
				MTL_ENABLE_DEBUG_INFO = YES;
				ONLY_ACTIVE_ARCH = YES;
				SDKROOT = iphoneos;
				VERSIONING_SYSTEM = "apple-generic";
				VERSION_INFO_PREFIX = "";
			};
			name = Debug;
		};
		4D1B12F3210A3FAE0006E6F6 /* Release */ = {
			isa = XCBuildConfiguration;
			buildSettings = {
				ALWAYS_SEARCH_USER_PATHS = NO;
				CLANG_ANALYZER_NONNULL = YES;
				CLANG_ANALYZER_NUMBER_OBJECT_CONVERSION = YES_AGGRESSIVE;
				CLANG_CXX_LANGUAGE_STANDARD = "gnu++14";
				CLANG_CXX_LIBRARY = "libc++";
				CLANG_ENABLE_MODULES = YES;
				CLANG_ENABLE_OBJC_ARC = YES;
				CLANG_ENABLE_OBJC_WEAK = YES;
				CLANG_WARN_BLOCK_CAPTURE_AUTORELEASING = YES;
				CLANG_WARN_BOOL_CONVERSION = YES;
				CLANG_WARN_COMMA = YES;
				CLANG_WARN_CONSTANT_CONVERSION = YES;
				CLANG_WARN_DEPRECATED_OBJC_IMPLEMENTATIONS = YES;
				CLANG_WARN_DIRECT_OBJC_ISA_USAGE = YES_ERROR;
				CLANG_WARN_DOCUMENTATION_COMMENTS = YES;
				CLANG_WARN_EMPTY_BODY = YES;
				CLANG_WARN_ENUM_CONVERSION = YES;
				CLANG_WARN_INFINITE_RECURSION = YES;
				CLANG_WARN_INT_CONVERSION = YES;
				CLANG_WARN_NON_LITERAL_NULL_CONVERSION = YES;
				CLANG_WARN_OBJC_IMPLICIT_RETAIN_SELF = YES;
				CLANG_WARN_OBJC_LITERAL_CONVERSION = YES;
				CLANG_WARN_OBJC_ROOT_CLASS = YES_ERROR;
				CLANG_WARN_RANGE_LOOP_ANALYSIS = YES;
				CLANG_WARN_STRICT_PROTOTYPES = YES;
				CLANG_WARN_SUSPICIOUS_MOVE = YES;
				CLANG_WARN_UNGUARDED_AVAILABILITY = YES_AGGRESSIVE;
				CLANG_WARN_UNREACHABLE_CODE = YES;
				CLANG_WARN__DUPLICATE_METHOD_MATCH = YES;
				CODE_SIGN_IDENTITY = "iPhone Developer";
				COPY_PHASE_STRIP = NO;
				CURRENT_PROJECT_VERSION = 1;
				DEBUG_INFORMATION_FORMAT = "dwarf-with-dsym";
				ENABLE_NS_ASSERTIONS = NO;
				ENABLE_STRICT_OBJC_MSGSEND = YES;
				GCC_C_LANGUAGE_STANDARD = gnu11;
				GCC_NO_COMMON_BLOCKS = YES;
				GCC_WARN_64_TO_32_BIT_CONVERSION = YES;
				GCC_WARN_ABOUT_RETURN_TYPE = YES_ERROR;
				GCC_WARN_UNDECLARED_SELECTOR = YES;
				GCC_WARN_UNINITIALIZED_AUTOS = YES_AGGRESSIVE;
				GCC_WARN_UNUSED_FUNCTION = YES;
				GCC_WARN_UNUSED_VARIABLE = YES;
				IPHONEOS_DEPLOYMENT_TARGET = 11.4;
				MTL_ENABLE_DEBUG_INFO = NO;
				SDKROOT = iphoneos;
				VALIDATE_PRODUCT = YES;
				VERSIONING_SYSTEM = "apple-generic";
				VERSION_INFO_PREFIX = "";
			};
			name = Release;
		};
		4D1B12F5210A3FAE0006E6F6 /* Debug */ = {
			isa = XCBuildConfiguration;
			buildSettings = {
				CODE_SIGN_IDENTITY = "";
				CODE_SIGN_STYLE = Automatic;
				DEFINES_MODULE = YES;
				DEVELOPMENT_TEAM = ZM5DUKP89C;
				DYLIB_COMPATIBILITY_VERSION = 1;
				DYLIB_CURRENT_VERSION = 1;
				DYLIB_INSTALL_NAME_BASE = "@rpath";
				FRAMEWORK_SEARCH_PATHS = ../MMSDK;
				INFOPLIST_FILE = QTime/Info.plist;
				INSTALL_PATH = "$(LOCAL_LIBRARY_DIR)/Frameworks";
				LD_RUNPATH_SEARCH_PATHS = (
					"$(inherited)",
					"@executable_path/Frameworks",
					"@loader_path/Frameworks",
				);
				MACH_O_TYPE = staticlib;
				PRODUCT_BUNDLE_IDENTIFIER = com.mark..QTime;
				PRODUCT_NAME = "$(TARGET_NAME:c99extidentifier)";
				SKIP_INSTALL = YES;
				TARGETED_DEVICE_FAMILY = "1,2";
			};
			name = Debug;
		};
		4D1B12F6210A3FAE0006E6F6 /* Release */ = {
			isa = XCBuildConfiguration;
			buildSettings = {
				CODE_SIGN_IDENTITY = "";
				CODE_SIGN_STYLE = Automatic;
				DEFINES_MODULE = YES;
				DEVELOPMENT_TEAM = ZM5DUKP89C;
				DYLIB_COMPATIBILITY_VERSION = 1;
				DYLIB_CURRENT_VERSION = 1;
				DYLIB_INSTALL_NAME_BASE = "@rpath";
				FRAMEWORK_SEARCH_PATHS = ../MMSDK;
				INFOPLIST_FILE = QTime/Info.plist;
				INSTALL_PATH = "$(LOCAL_LIBRARY_DIR)/Frameworks";
				LD_RUNPATH_SEARCH_PATHS = (
					"$(inherited)",
					"@executable_path/Frameworks",
					"@loader_path/Frameworks",
				);
				MACH_O_TYPE = staticlib;
				PRODUCT_BUNDLE_IDENTIFIER = com.mark..QTime;
				PRODUCT_NAME = "$(TARGET_NAME:c99extidentifier)";
				SKIP_INSTALL = YES;
				TARGETED_DEVICE_FAMILY = "1,2";
			};
			name = Release;
		};
		4D1B12F8210A3FAE0006E6F6 /* Debug */ = {
			isa = XCBuildConfiguration;
			buildSettings = {
				CODE_SIGN_STYLE = Automatic;
				DEVELOPMENT_TEAM = ZM5DUKP89C;
				INFOPLIST_FILE = QTimeTests/Info.plist;
				LD_RUNPATH_SEARCH_PATHS = (
					"$(inherited)",
					"@executable_path/Frameworks",
					"@loader_path/Frameworks",
				);
				PRODUCT_BUNDLE_IDENTIFIER = com.mark..QTimeTests;
				PRODUCT_NAME = "$(TARGET_NAME)";
				TARGETED_DEVICE_FAMILY = "1,2";
			};
			name = Debug;
		};
		4D1B12F9210A3FAE0006E6F6 /* Release */ = {
			isa = XCBuildConfiguration;
			buildSettings = {
				CODE_SIGN_STYLE = Automatic;
				DEVELOPMENT_TEAM = ZM5DUKP89C;
				INFOPLIST_FILE = QTimeTests/Info.plist;
				LD_RUNPATH_SEARCH_PATHS = (
					"$(inherited)",
					"@executable_path/Frameworks",
					"@loader_path/Frameworks",
				);
				PRODUCT_BUNDLE_IDENTIFIER = com.mark..QTimeTests;
				PRODUCT_NAME = "$(TARGET_NAME)";
				TARGETED_DEVICE_FAMILY = "1,2";
			};
			name = Release;
		};
/* End XCBuildConfiguration section */

/* Begin XCConfigurationList section */
		4D1B12DA210A3FAE0006E6F6 /* Build configuration list for PBXProject "QTime" */ = {
			isa = XCConfigurationList;
			buildConfigurations = (
				4D1B12F2210A3FAE0006E6F6 /* Debug */,
				4D1B12F3210A3FAE0006E6F6 /* Release */,
			);
			defaultConfigurationIsVisible = 0;
			defaultConfigurationName = Release;
		};
		4D1B12F4210A3FAE0006E6F6 /* Build configuration list for PBXNativeTarget "QTime" */ = {
			isa = XCConfigurationList;
			buildConfigurations = (
				4D1B12F5210A3FAE0006E6F6 /* Debug */,
				4D1B12F6210A3FAE0006E6F6 /* Release */,
			);
			defaultConfigurationIsVisible = 0;
			defaultConfigurationName = Release;
		};
		4D1B12F7210A3FAE0006E6F6 /* Build configuration list for PBXNativeTarget "QTimeTests" */ = {
			isa = XCConfigurationList;
			buildConfigurations = (
				4D1B12F8210A3FAE0006E6F6 /* Debug */,
				4D1B12F9210A3FAE0006E6F6 /* Release */,
			);
			defaultConfigurationIsVisible = 0;
			defaultConfigurationName = Release;
		};
/* End XCConfigurationList section */
	};
	rootObject = 4D1B12D7210A3FAE0006E6F6 /* Project object */;
}
